
Microsoft Visual Studio Solution File, Format Version 12.00
# Visual Studio Version 16
VisualStudioVersion = 16.0.31005.135
MinimumVisualStudioVersion = 10.0.40219.1
Project("{FAE04EC0-301F-11D3-BF4B-00C04F79EFBC}") = "WindowsFormsApp3", "WindowsFormsApp3\WindowsFormsApp3.csproj", "{222553CE-24A3-476C-A842-6CE8C59DA9B6}"
EndProject
Global
	GlobalSection(SolutionConfigurationPlatforms) = preSolution
		Debug|Any CPU = Debug|Any CPU
		Release|Any CPU = Release|Any CPU
	EndGlobalSection
	GlobalSection(ProjectConfigurationPlatforms) = postSolution
		{222553CE-24A3-476C-A842-6CE8C59DA9B6}.Debug|Any CPU.ActiveCfg = Debug|Any CPU
		{222553CE-24A3-476C-A842-6CE8C59DA9B6}.Debug|Any CPU.Build.0 = Debug|Any CPU
		{222553CE-24A3-476C-A842-6CE8C59DA9B6}.Release|Any CPU.ActiveCfg = Release|Any CPU
		{222553CE-24A3-476C-A842-6CE8C59DA9B6}.Release|Any CPU.Build.0 = Release|Any CPU
	EndGlobalSection
	GlobalSection(SolutionProperties) = preSolution
		HideSolutionNode = FALSE
	EndGlobalSection
	GlobalSection(ExtensibilityGlobals) = postSolution
		SolutionGuid = {1DFB4394-4A1D-444D-B953-6760B4B17C43}
	EndGlobalSection
EndGlobal
